// !$*UTF8*$!
{
	archiveVersion = 1;
	classes = {
	};
	objectVersion = 50;
	objects = {

/* Begin PBXBuildFile section */
		D21CA75D23FAB4CF00CDE0D7 /* AppDelegate.swift in Sources */ = {isa = PBXBuildFile; fileRef = D21CA75C23FAB4CF00CDE0D7 /* AppDelegate.swift */; };
		D21CA75F23FAB4CF00CDE0D7 /* SceneDelegate.swift in Sources */ = {isa = PBXBuildFile; fileRef = D21CA75E23FAB4CF00CDE0D7 /* SceneDelegate.swift */; };
		D21CA76123FAB4CF00CDE0D7 /* ViewController.swift in Sources */ = {isa = PBXBuildFile; fileRef = D21CA76023FAB4CF00CDE0D7 /* ViewController.swift */; };
		D21CA76423FAB4CF00CDE0D7 /* Main.storyboard in Resources */ = {isa = PBXBuildFile; fileRef = D21CA76223FAB4CF00CDE0D7 /* Main.storyboard */; };
		D21CA76623FAB4D100CDE0D7 /* Assets.xcassets in Resources */ = {isa = PBXBuildFile; fileRef = D21CA76523FAB4D100CDE0D7 /* Assets.xcassets */; };
		D21CA76923FAB4D100CDE0D7 /* LaunchScreen.storyboard in Resources */ = {isa = PBXBuildFile; fileRef = D21CA76723FAB4D100CDE0D7 /* LaunchScreen.storyboard */; };
		D21CA77123FAB88100CDE0D7 /* OnboradingVC.swift in Sources */ = {isa = PBXBuildFile; fileRef = D21CA77023FAB88100CDE0D7 /* OnboradingVC.swift */; };
		D21CA77323FABF8000CDE0D7 /* FirstVC.swift in Sources */ = {isa = PBXBuildFile; fileRef = D21CA77223FABF8000CDE0D7 /* FirstVC.swift */; };
		D21CA77523FAC2D200CDE0D7 /* SecondVC.swift in Sources */ = {isa = PBXBuildFile; fileRef = D21CA77423FAC2D200CDE0D7 /* SecondVC.swift */; };
		D21CA77723FAC32100CDE0D7 /* ThirdVC.swift in Sources */ = {isa = PBXBuildFile; fileRef = D21CA77623FAC32100CDE0D7 /* ThirdVC.swift */; };
/* End PBXBuildFile section */

/* Begin PBXFileReference section */
		D21CA75923FAB4CF00CDE0D7 /* OnboardApp.app */ = {isa = PBXFileReference; explicitFileType = wrapper.application; includeInIndex = 0; path = OnboardApp.app; sourceTree = BUILT_PRODUCTS_DIR; };
		D21CA75C23FAB4CF00CDE0D7 /* AppDelegate.swift */ = {isa = PBXFileReference; lastKnownFileType = sourcecode.swift; path = AppDelegate.swift; sourceTree = "<group>"; };
		D21CA75E23FAB4CF00CDE0D7 /* SceneDelegate.swift */ = {isa = PBXFileReference; lastKnownFileType = sourcecode.swift; path = SceneDelegate.swift; sourceTree = "<group>"; };
		D21CA76023FAB4CF00CDE0D7 /* ViewController.swift */ = {isa = PBXFileReference; lastKnownFileType = sourcecode.swift; path = ViewController.swift; sourceTree = "<group>"; };
		D21CA76323FAB4CF00CDE0D7 /* Base */ = {isa = PBXFileReference; lastKnownFileType = file.storyboard; name = Base; path = Base.lproj/Main.storyboard; sourceTree = "<group>"; };
		D21CA76523FAB4D100CDE0D7 /* Assets.xcassets */ = {isa = PBXFileReference; lastKnownFileType = folder.assetcatalog; path = Assets.xcassets; sourceTree = "<group>"; };
		D21CA76823FAB4D100CDE0D7 /* Base */ = {isa = PBXFileReference; lastKnownFileType = file.storyboard; name = Base; path = Base.lproj/LaunchScreen.storyboard; sourceTree = "<group>"; };
		D21CA76A23FAB4D100CDE0D7 /* Info.plist */ = {isa = PBXFileReference; lastKnownFileType = text.plist.xml; path = Info.plist; sourceTree = "<group>"; };
		D21CA77023FAB88100CDE0D7 /* OnboradingVC.swift */ = {isa = PBXFileReference; lastKnownFileType = sourcecode.swift; path = OnboradingVC.swift; sourceTree = "<group>"; };
		D21CA77223FABF8000CDE0D7 /* FirstVC.swift */ = {isa = PBXFileReference; lastKnownFileType = sourcecode.swift; path = FirstVC.swift; sourceTree = "<group>"; };
		D21CA77423FAC2D200CDE0D7 /* SecondVC.swift */ = {isa = PBXFileReference; lastKnownFileType = sourcecode.swift; path = SecondVC.swift; sourceTree = "<group>"; };
		D21CA77623FAC32100CDE0D7 /* ThirdVC.swift */ = {isa = PBXFileReference; lastKnownFileType = sourcecode.swift; path = ThirdVC.swift; sourceTree = "<group>"; };
/* End PBXFileReference section */

/* Begin PBXFrameworksBuildPhase section */
		D21CA75623FAB4CF00CDE0D7 /* Frameworks */ = {
			isa = PBXFrameworksBuildPhase;
			buildActionMask = 2147483647;
			files = (
			);
			runOnlyForDeploymentPostprocessing = 0;
		};
/* End PBXFrameworksBuildPhase section */

/* Begin PBXGroup section */
		D21CA75023FAB4CF00CDE0D7 = {
			isa = PBXGroup;
			children = (
				D21CA75B23FAB4CF00CDE0D7 /* OnboardApp */,
				D21CA75A23FAB4CF00CDE0D7 /* Products */,
			);
			sourceTree = "<group>";
		};
		D21CA75A23FAB4CF00CDE0D7 /* Products */ = {
			isa = PBXGroup;
			children = (
				D21CA75923FAB4CF00CDE0D7 /* OnboardApp.app */,
			);
			name = Products;
			sourceTree = "<group>";
		};
		D21CA75B23FAB4CF00CDE0D7 /* OnboardApp */ = {
			isa = PBXGroup;
			children = (
				D21CA75C23FAB4CF00CDE0D7 /* AppDelegate.swift */,
				D21CA75E23FAB4CF00CDE0D7 /* SceneDelegate.swift */,
				D21CA76023FAB4CF00CDE0D7 /* ViewController.swift */,
				D21CA76223FAB4CF00CDE0D7 /* Main.storyboard */,
				D21CA77023FAB88100CDE0D7 /* OnboradingVC.swift */,
				D21CA77223FABF8000CDE0D7 /* FirstVC.swift */,
				D21CA77423FAC2D200CDE0D7 /* SecondVC.swift */,
				D21CA77623FAC32100CDE0D7 /* ThirdVC.swift */,
				D21CA76523FAB4D100CDE0D7 /* Assets.xcassets */,
				D21CA76723FAB4D100CDE0D7 /* LaunchScreen.storyboard */,
				D21CA76A23FAB4D100CDE0D7 /* Info.plist */,
			);
			path = OnboardApp;
			sourceTree = "<group>";
		};
/* End PBXGroup section */

/* Begin PBXNativeTarget section */
		D21CA75823FAB4CF00CDE0D7 /* OnboardApp */ = {
			isa = PBXNativeTarget;
			buildConfigurationList = D21CA76D23FAB4D100CDE0D7 /* Build configuration list for PBXNativeTarget "OnboardApp" */;
			buildPhases = (
				D21CA75523FAB4CF00CDE0D7 /* Sources */,
				D21CA75623FAB4CF00CDE0D7 /* Frameworks */,
				D21CA75723FAB4CF00CDE0D7 /* Resources */,
			);
			buildRules = (
			);
			dependencies = (
			);
			name = OnboardApp;
			productName = OnboardApp;
			productReference = D21CA75923FAB4CF00CDE0D7 /* OnboardApp.app */;
			productType = "com.apple.product-type.application";
		};
/* End PBXNativeTarget section */

/* Begin PBXProject section */
		D21CA75123FAB4CF00CDE0D7 /* Project object */ = {
			isa = PBXProject;
			attributes = {
				LastSwiftUpdateCheck = 1130;
				LastUpgradeCheck = 1130;
				ORGANIZATIONNAME = "Ерлан Султанов";
				TargetAttributes = {
					D21CA75823FAB4CF00CDE0D7 = {
						CreatedOnToolsVersion = 11.3;
					};
				};
			};
			buildConfigurationList = D21CA75423FAB4CF00CDE0D7 /* Build configuration list for PBXProject "OnboardApp" */;
			compatibilityVersion = "Xcode 9.3";
			developmentRegion = en;
			hasScannedForEncodings = 0;
			knownRegions = (
				en,
				Base,
			);
			mainGroup = D21CA75023FAB4CF00CDE0D7;
			productRefGroup = D21CA75A23FAB4CF00CDE0D7 /* Products */;
			projectDirPath = "";
			projectRoot = "";
			targets = (
				D21CA75823FAB4CF00CDE0D7 /* OnboardApp */,
			);
		};
/* End PBXProject section */

/* Begin PBXResourcesBuildPhase section */
		D21CA75723FAB4CF00CDE0D7 /* Resources */ = {
			isa = PBXResourcesBuildPhase;
			buildActionMask = 2147483647;
			files = (
				D21CA76923FAB4D100CDE0D7 /* LaunchScreen.storyboard in Resources */,
				D21CA76623FAB4D100CDE0D7 /* Assets.xcassets in Resources */,
				D21CA76423FAB4CF00CDE0D7 /* Main.storyboard in Resources */,
			);
			runOnlyForDeploymentPostprocessing = 0;
		};
/* End PBXResourcesBuildPhase section */

/* Begin PBXSourcesBuildPhase section */
		D21CA75523FAB4CF00CDE0D7 /* Sources */ = {
			isa = PBXSourcesBuildPhase;
			buildActionMask = 2147483647;
			files = (
				D21CA76123FAB4CF00CDE0D7 /* ViewController.swift in Sources */,
				D21CA77123FAB88100CDE0D7 /* OnboradingVC.swift in Sources */,
				D21CA75D23FAB4CF00CDE0D7 /* AppDelegate.swift in Sources */,
				D21CA77723FAC32100CDE0D7 /* ThirdVC.swift in Sources */,
				D21CA77323FABF8000CDE0D7 /* FirstVC.swift in Sources */,
				D21CA77523FAC2D200CDE0D7 /* SecondVC.swift in Sources */,
				D21CA75F23FAB4CF00CDE0D7 /* SceneDelegate.swift in Sources */,
			);
			runOnlyForDeploymentPostprocessing = 0;
		};
/* End PBXSourcesBuildPhase section */

/* Begin PBXVariantGroup section */
		D21CA76223FAB4CF00CDE0D7 /* Main.storyboard */ = {
			isa = PBXVariantGroup;
			children = (
				D21CA76323FAB4CF00CDE0D7 /* Base */,
			);
			name = Main.storyboard;
			sourceTree = "<group>";
		};
		D21CA76723FAB4D100CDE0D7 /* LaunchScreen.storyboard */ = {
			isa = PBXVariantGroup;
			children = (
				D21CA76823FAB4D100CDE0D7 /* Base */,
			);
			name = LaunchScreen.storyboard;
			sourceTree = "<group>";
		};
/* End PBXVariantGroup section */

/* Begin XCBuildConfiguration section */
		D21CA76B23FAB4D100CDE0D7 /* Debug */ = {
			isa = XCBuildConfiguration;
			buildSettings = {
				ALWAYS_SEARCH_USER_PATHS = NO;
				CLANG_ANALYZER_NONNULL = YES;
				CLANG_ANALYZER_NUMBER_OBJECT_CONVERSION = YES_AGGRESSIVE;
				CLANG_CXX_LANGUAGE_STANDARD = "gnu++14";
				CLANG_CXX_LIBRARY = "libc++";
				CLANG_ENABLE_MODULES = YES;
				CLANG_ENABLE_OBJC_ARC = YES;
				CLANG_ENABLE_OBJC_WEAK = YES;
				CLANG_WARN_BLOCK_CAPTURE_AUTORELEASING = YES;
				CLANG_WARN_BOOL_CONVERSION = YES;
				CLANG_WARN_COMMA = YES;
				CLANG_WARN_CONSTANT_CONVERSION = YES;
				CLANG_WARN_DEPRECATED_OBJC_IMPLEMENTATIONS = YES;
				CLANG_WARN_DIRECT_OBJC_ISA_USAGE = YES_ERROR;
				CLANG_WARN_DOCUMENTATION_COMMENTS = YES;
				CLANG_WARN_EMPTY_BODY = YES;
				CLANG_WARN_ENUM_CONVERSION = YES;
				CLANG_WARN_INFINITE_RECURSION = YES;
				CLANG_WARN_INT_CONVERSION = YES;
				CLANG_WARN_NON_LITERAL_NULL_CONVERSION = YES;
				CLANG_WARN_OBJC_IMPLICIT_RETAIN_SELF = YES;
				CLANG_WARN_OBJC_LITERAL_CONVERSION = YES;
				CLANG_WARN_OBJC_ROOT_CLASS = YES_ERROR;
				CLANG_WARN_RANGE_LOOP_ANALYSIS = YES;
				CLANG_WARN_STRICT_PROTOTYPES = YES;
				CLANG_WARN_SUSPICIOUS_MOVE = YES;
				CLANG_WARN_UNGUARDED_AVAILABILITY = YES_AGGRESSIVE;
				CLANG_WARN_UNREACHABLE_CODE = YES;
				CLANG_WARN__DUPLICATE_METHOD_MATCH = YES;
				COPY_PHASE_STRIP = NO;
				DEBUG_INFORMATION_FORMAT = dwarf;
				ENABLE_STRICT_OBJC_MSGSEND = YES;
				ENABLE_TESTABILITY = YES;
				GCC_C_LANGUAGE_STANDARD = gnu11;
				GCC_DYNAMIC_NO_PIC = NO;
				GCC_NO_COMMON_BLOCKS = YES;
				GCC_OPTIMIZATION_LEVEL = 0;
				GCC_PREPROCESSOR_DEFINITIONS = (
					"DEBUG=1",
					"$(inherited)",
				);
				GCC_WARN_64_TO_32_BIT_CONVERSION = YES;
				GCC_WARN_ABOUT_RETURN_TYPE = YES_ERROR;
				GCC_WARN_UNDECLARED_SELECTOR = YES;
				GCC_WARN_UNINITIALIZED_AUTOS = YES_AGGRESSIVE;
				GCC_WARN_UNUSED_FUNCTION = YES;
				GCC_WARN_UNUSED_VARIABLE = YES;
				IPHONEOS_DEPLOYMENT_TARGET = 13.2;
				MTL_ENABLE_DEBUG_INFO = INCLUDE_SOURCE;
				MTL_FAST_MATH = YES;
				ONLY_ACTIVE_ARCH = YES;
				SDKROOT = iphoneos;
				SWIFT_ACTIVE_COMPILATION_CONDITIONS = DEBUG;
				SWIFT_OPTIMIZATION_LEVEL = "-Onone";
			};
			name = Debug;
		};
		D21CA76C23FAB4D100CDE0D7 /* Release */ = {
			isa = XCBuildConfiguration;
			buildSettings = {
				ALWAYS_SEARCH_USER_PATHS = NO;
				CLANG_ANALYZER_NONNULL = YES;
				CLANG_ANALYZER_NUMBER_OBJECT_CONVERSION = YES_AGGRESSIVE;
				CLANG_CXX_LANGUAGE_STANDARD = "gnu++14";
				CLANG_CXX_LIBRARY = "libc++";
				CLANG_ENABLE_MODULES = YES;
				CLANG_ENABLE_OBJC_ARC = YES;
				CLANG_ENABLE_OBJC_WEAK = YES;
				CLANG_WARN_BLOCK_CAPTURE_AUTORELEASING = YES;
				CLANG_WARN_BOOL_CONVERSION = YES;
				CLANG_WARN_COMMA = YES;
				CLANG_WARN_CONSTANT_CONVERSION = YES;
				CLANG_WARN_DEPRECATED_OBJC_IMPLEMENTATIONS = YES;
				CLANG_WARN_DIRECT_OBJC_ISA_USAGE = YES_ERROR;
				CLANG_WARN_DOCUMENTATION_COMMENTS = YES;
				CLANG_WARN_EMPTY_BODY = YES;
				CLANG_WARN_ENUM_CONVERSION = YES;
				CLANG_WARN_INFINITE_RECURSION = YES;
				CLANG_WARN_INT_CONVERSION = YES;
				CLANG_WARN_NON_LITERAL_NULL_CONVERSION = YES;
				CLANG_WARN_OBJC_IMPLICIT_RETAIN_SELF = YES;
				CLANG_WARN_OBJC_LITERAL_CONVERSION = YES;
				CLANG_WARN_OBJC_ROOT_CLASS = YES_ERROR;
				CLANG_WARN_RANGE_LOOP_ANALYSIS = YES;
				CLANG_WARN_STRICT_PROTOTYPES = YES;
				CLANG_WARN_SUSPICIOUS_MOVE = YES;
				CLANG_WARN_UNGUARDED_AVAILABILITY = YES_AGGRESSIVE;
				CLANG_WARN_UNREACHABLE_CODE = YES;
				CLANG_WARN__DUPLICATE_METHOD_MATCH = YES;
				COPY_PHASE_STRIP = NO;
				DEBUG_INFORMATION_FORMAT = "dwarf-with-dsym";
				ENABLE_NS_ASSERTIONS = NO;
				ENABLE_STRICT_OBJC_MSGSEND = YES;
				GCC_C_LANGUAGE_STANDARD = gnu11;
				GCC_NO_COMMON_BLOCKS = YES;
				GCC_WARN_64_TO_32_BIT_CONVERSION = YES;
				GCC_WARN_ABOUT_RETURN_TYPE = YES_ERROR;
				GCC_WARN_UNDECLARED_SELECTOR = YES;
				GCC_WARN_UNINITIALIZED_AUTOS = YES_AGGRESSIVE;
				GCC_WARN_UNUSED_FUNCTION = YES;
				GCC_WARN_UNUSED_VARIABLE = YES;
				IPHONEOS_DEPLOYMENT_TARGET = 13.2;
				MTL_ENABLE_DEBUG_INFO = NO;
				MTL_FAST_MATH = YES;
				SDKROOT = iphoneos;
				SWIFT_COMPILATION_MODE = wholemodule;
				SWIFT_OPTIMIZATION_LEVEL = "-O";
				VALIDATE_PRODUCT = YES;
			};
			name = Release;
		};
		D21CA76E23FAB4D100CDE0D7 /* Debug */ = {
			isa = XCBuildConfiguration;
			buildSettings = {
				ASSETCATALOG_COMPILER_APPICON_NAME = AppIcon;
				CODE_SIGN_STYLE = Automatic;
				DEVELOPMENT_TEAM = GLTJGL6N2H;
				INFOPLIST_FILE = OnboardApp/Info.plist;
				LD_RUNPATH_SEARCH_PATHS = (
					"$(inherited)",
					"@executable_path/Frameworks",
				);
				PRODUCT_BUNDLE_IDENTIFIER = Yerlan.OnboardApp;
				PRODUCT_NAME = "$(TARGET_NAME)";
				SWIFT_VERSION = 5.0;
				TARGETED_DEVICE_FAMILY = "1,2";
			};
			name = Debug;
		};
		D21CA76F23FAB4D100CDE0D7 /* Release */ = {
			isa = XCBuildConfiguration;
			buildSettings = {
				ASSETCATALOG_COMPILER_APPICON_NAME = AppIcon;
				CODE_SIGN_STYLE = Automatic;
				DEVELOPMENT_TEAM = GLTJGL6N2H;
				INFOPLIST_FILE = OnboardApp/Info.plist;
				LD_RUNPATH_SEARCH_PATHS = (
					"$(inherited)",
					"@executable_path/Frameworks",
				);
				PRODUCT_BUNDLE_IDENTIFIER = Yerlan.OnboardApp;
				PRODUCT_NAME = "$(TARGET_NAME)";
				SWIFT_VERSION = 5.0;
				TARGETED_DEVICE_FAMILY = "1,2";
			};
			name = Release;
		};
/* End XCBuildConfiguration section */

/* Begin XCConfigurationList section */
		D21CA75423FAB4CF00CDE0D7 /* Build configuration list for PBXProject "OnboardApp" */ = {
			isa = XCConfigurationList;
			buildConfigurations = (
				D21CA76B23FAB4D100CDE0D7 /* Debug */,
				D21CA76C23FAB4D100CDE0D7 /* Release */,
			);
			defaultConfigurationIsVisible = 0;
			defaultConfigurationName = Release;
		};
		D21CA76D23FAB4D100CDE0D7 /* Build configuration list for PBXNativeTarget "OnboardApp" */ = {
			isa = XCConfigurationList;
			buildConfigurations = (
				D21CA76E23FAB4D100CDE0D7 /* Debug */,
				D21CA76F23FAB4D100CDE0D7 /* Release */,
			);
			defaultConfigurationIsVisible = 0;
			defaultConfigurationName = Release;
		};
/* End XCConfigurationList section */
	};
	rootObject = D21CA75123FAB4CF00CDE0D7 /* Project object */;
}
